
Microsoft Visual Studio Solution File, Format Version 12.00
# Visual Studio Version 17
VisualStudioVersion = 17.10.34928.147
MinimumVisualStudioVersion = 10.0.40219.1
Project("{FAE04EC0-301F-11D3-BF4B-00C04F79EFBC}") = "CSharp", "CSharp\CSharp.csproj", "{9EB49204-8CFC-4052-B626-174D0663DA29}"
EndProject
Project("{FAE04EC0-301F-11D3-BF4B-00C04F79EFBC}") = "HomeWork3", "HomeWork3\HomeWork3.csproj", "{D93F3D10-B434-4C6A-855A-6542D154330E}"
EndProject
Global
	GlobalSection(SolutionConfigurationPlatforms) = preSolution
		Debug|Any CPU = Debug|Any CPU
		Release|Any CPU = Release|Any CPU
	EndGlobalSection
	GlobalSection(ProjectConfigurationPlatforms) = postSolution
		{9EB49204-8CFC-4052-B626-174D0663DA29}.Debug|Any CPU.ActiveCfg = Debug|Any CPU
		{9EB49204-8CFC-4052-B626-174D0663DA29}.Debug|Any CPU.Build.0 = Debug|Any CPU
		{9EB49204-8CFC-4052-B626-174D0663DA29}.Release|Any CPU.ActiveCfg = Release|Any CPU
		{9EB49204-8CFC-4052-B626-174D0663DA29}.Release|Any CPU.Build.0 = Release|Any CPU
		{D93F3D10-B434-4C6A-855A-6542D154330E}.Debug|Any CPU.ActiveCfg = Debug|Any CPU
		{D93F3D10-B434-4C6A-855A-6542D154330E}.Debug|Any CPU.Build.0 = Debug|Any CPU
		{D93F3D10-B434-4C6A-855A-6542D154330E}.Release|Any CPU.ActiveCfg = Release|Any CPU
		{D93F3D10-B434-4C6A-855A-6542D154330E}.Release|Any CPU.Build.0 = Release|Any CPU
	EndGlobalSection
	GlobalSection(SolutionProperties) = preSolution
		HideSolutionNode = FALSE
	EndGlobalSection
	GlobalSection(ExtensibilityGlobals) = postSolution
		SolutionGuid = {33533896-3314-4F55-BE91-70EFD02C6921}
	EndGlobalSection
EndGlobal
