
Microsoft Visual Studio Solution File, Format Version 12.00
# Visual Studio Version 17
VisualStudioVersion = 17.10.34928.147
MinimumVisualStudioVersion = 10.0.40219.1
Project("{9A19103F-16F7-4668-BE54-9A1E7A4F7556}") = "CSharp", "CSharp\CSharp.csproj", "{9EB49204-8CFC-4052-B626-174D0663DA29}"
EndProject
Project("{9A19103F-16F7-4668-BE54-9A1E7A4F7556}") = "HomeWork3", "HomeWork3\HomeWork3.csproj", "{D93F3D10-B434-4C6A-855A-6542D154330E}"
EndProject
Project("{9A19103F-16F7-4668-BE54-9A1E7A4F7556}") = "HomeWork4", "HomeWork4\HomeWork4.csproj", "{1F3E1451-0520-47E7-AE68-6FAAAA12E56B}"
EndProject
Project("{9A19103F-16F7-4668-BE54-9A1E7A4F7556}") = "HomeWork5", "HomeWork5\HomeWork5.csproj", "{2C20F468-14E7-405B-BD33-C8CDEB6F3CDA}"
EndProject
Project("{9A19103F-16F7-4668-BE54-9A1E7A4F7556}") = "HomeWork6", "HomeWork6\HomeWork6.csproj", "{442AC67E-2CAE-43BE-9CA0-901145E9BB3B}"
EndProject
Project("{2150E333-8FDC-42A3-9474-1A3956D46DE8}") = "Solution Items", "Solution Items", "{B866E044-11DF-411B-A586-4735C5039A9F}"
	ProjectSection(SolutionItems) = preProject
		.editorconfig = .editorconfig
	EndProjectSection
EndProject
Global
	GlobalSection(SolutionConfigurationPlatforms) = preSolution
		Debug|Any CPU = Debug|Any CPU
		Release|Any CPU = Release|Any CPU
	EndGlobalSection
	GlobalSection(ProjectConfigurationPlatforms) = postSolution
		{9EB49204-8CFC-4052-B626-174D0663DA29}.Debug|Any CPU.ActiveCfg = Debug|Any CPU
		{9EB49204-8CFC-4052-B626-174D0663DA29}.Debug|Any CPU.Build.0 = Debug|Any CPU
		{9EB49204-8CFC-4052-B626-174D0663DA29}.Release|Any CPU.ActiveCfg = Release|Any CPU
		{9EB49204-8CFC-4052-B626-174D0663DA29}.Release|Any CPU.Build.0 = Release|Any CPU
		{D93F3D10-B434-4C6A-855A-6542D154330E}.Debug|Any CPU.ActiveCfg = Debug|Any CPU
		{D93F3D10-B434-4C6A-855A-6542D154330E}.Debug|Any CPU.Build.0 = Debug|Any CPU
		{D93F3D10-B434-4C6A-855A-6542D154330E}.Release|Any CPU.ActiveCfg = Release|Any CPU
		{D93F3D10-B434-4C6A-855A-6542D154330E}.Release|Any CPU.Build.0 = Release|Any CPU
		{1F3E1451-0520-47E7-AE68-6FAAAA12E56B}.Debug|Any CPU.ActiveCfg = Debug|Any CPU
		{1F3E1451-0520-47E7-AE68-6FAAAA12E56B}.Debug|Any CPU.Build.0 = Debug|Any CPU
		{1F3E1451-0520-47E7-AE68-6FAAAA12E56B}.Release|Any CPU.ActiveCfg = Release|Any CPU
		{1F3E1451-0520-47E7-AE68-6FAAAA12E56B}.Release|Any CPU.Build.0 = Release|Any CPU
		{2C20F468-14E7-405B-BD33-C8CDEB6F3CDA}.Debug|Any CPU.ActiveCfg = Debug|Any CPU
		{2C20F468-14E7-405B-BD33-C8CDEB6F3CDA}.Debug|Any CPU.Build.0 = Debug|Any CPU
		{2C20F468-14E7-405B-BD33-C8CDEB6F3CDA}.Release|Any CPU.ActiveCfg = Release|Any CPU
		{2C20F468-14E7-405B-BD33-C8CDEB6F3CDA}.Release|Any CPU.Build.0 = Release|Any CPU
		{442AC67E-2CAE-43BE-9CA0-901145E9BB3B}.Debug|Any CPU.ActiveCfg = Debug|Any CPU
		{442AC67E-2CAE-43BE-9CA0-901145E9BB3B}.Debug|Any CPU.Build.0 = Debug|Any CPU
		{442AC67E-2CAE-43BE-9CA0-901145E9BB3B}.Release|Any CPU.ActiveCfg = Release|Any CPU
		{442AC67E-2CAE-43BE-9CA0-901145E9BB3B}.Release|Any CPU.Build.0 = Release|Any CPU
	EndGlobalSection
	GlobalSection(SolutionProperties) = preSolution
		HideSolutionNode = FALSE
	EndGlobalSection
	GlobalSection(ExtensibilityGlobals) = postSolution
		SolutionGuid = {33533896-3314-4F55-BE91-70EFD02C6921}
	EndGlobalSection
EndGlobal
